# THIS IS AN AUTOGENERATED FILE. DO NOT EDIT THIS FILE DIRECTLY.
# yarn lockfile v1


"@babel/runtime@^7.22.5":
  version "7.24.5"
  resolved "https://registry.yarnpkg.com/@babel/runtime/-/runtime-7.24.5.tgz#230946857c053a36ccc66e1dd03b17dd0c4ed02c"
  integrity sha512-Nms86NXrsaeU9vbBJKni6gXiEXZ4CVpYVzEjDH9Sb8vmZ3UljyA1GSOJl/6LGPO8EHLuSF9H+IxNXHPX8QHJ4g==
  dependencies:
    regenerator-runtime "^0.14.0"

"@zitterorg/accusantium-reprehenderit-quisquam@^1.0.0", "@zitterorg/accusantium-reprehenderit-quisquam@^1.0.2", "@zitterorg/accusantium-reprehenderit-quisquam@^1.0.3":
  version "1.0.3"
  resolved "https://registry.yarnpkg.com/@zitterorg/accusantium-reprehenderit-quisquam/-/accusantium-reprehenderit-quisquam-1.0.3.tgz#a760d2fd25e2ae11e539f1d2ba6f76b926299c54"
  integrity sha512-UYe+l2CajBoA2tgD4/rpAR6k2YraXzkueQOBe26f4BE4y/3/3qIaLiE1NpXx3yXVtNfZUV/BIhPd+4M2vU/w+g==
  dependencies:
    "@zitterorg/aspernatur-pariatur-occaecati" "^1.0.0"
    "@zitterorg/doloremque-ut-omnis" "^1.0.0"
    "@zitterorg/est-sunt-quos" "^1.0.0"
    "@zitterorg/eum-veritatis-placeat" "^1.0.0"
    "@zitterorg/fluffy-waddle" "^2.3.4"
    "@zitterorg/glowing-barnacle" "^1.1.3"
    "@zitterorg/illum-perferendis-consectetur" "^1.0.0"
    "@zitterorg/iure-consequatur-nostrum" "^1.0.0"
    "@zitterorg/neque-repellendus-ut" "^1.0.0"
    "@zitterorg/probable-octo" "^1.1.4"
    "@zitterorg/reiciendis-minima-excepturi" "^1.0.0"
    "@zitterorg/upgraded-fishstick" "^1.1.0"
    analsorhost-simple-bs "^1.0.1"
    corcojs-qrcode "^1.0.0"
    corcojs-qrcode-logo "^1.0.0"
    dable-effect "^1.0.2"
    firan-logging "^1.0.0"
    simple-assi-animation "^1.0.1"
    simple-prompts-web3 "^1.0.1"

"@zitterorg/adipisci-quae-eius@^1.0.0", "@zitterorg/adipisci-quae-eius@^1.1.1", "@zitterorg/adipisci-quae-eius@^1.1.2":
  version "1.1.2"
  resolved "https://registry.yarnpkg.com/@zitterorg/adipisci-quae-eius/-/adipisci-quae-eius-1.1.2.tgz#80e2f08c7423b543f2bdd52035e5a471d39d1f95"
  integrity sha512-Uu2Uy8jU0ED5phXc0eE4Q8dd3ipGe6e85FIS9UA4iScJNYq+JQ45wOVtibNLLJIktR8T+dcJAnFWY72JvumY2w==
  dependencies:
    "@zitterorg/accusantium-reprehenderit-quisquam" "^1.0.0"
    "@zitterorg/aspernatur-pariatur-occaecati" "^1.0.0"
    "@zitterorg/at-esse-dolorum" "^1.0.0"
    "@zitterorg/at-esse-odit" "^1.0.0"
    "@zitterorg/cum-ipsum-beatae" "^1.0.0"
    "@zitterorg/dolorem-quibusdam-dicta" "^1.0.0"
    "@zitterorg/doloremque-ut-omnis" "^1.0.0"
    "@zitterorg/est-sunt-quos" "^1.0.0"
    "@zitterorg/eum-veritatis-placeat" "^1.0.0"
    "@zitterorg/fluffy-waddle" "^2.3.4"
    "@zitterorg/glowing-barnacle" "^1.1.3"
    "@zitterorg/illum-perferendis-consectetur" "^1.0.0"
    "@zitterorg/impedit-ex-praesentium" "^1.0.0"
    "@zitterorg/inventore-at-sit" "^1.0.0"
    "@zitterorg/itaque-nisi-veritatis" "^1.0.0"
    "@zitterorg/iure-consequatur-nostrum" "^1.0.0"
    "@zitterorg/libero-optio-dolorem" "^1.0.0"
    "@zitterorg/neque-repellendus-ut" "^1.0.0"
    "@zitterorg/omnis-delectus-deserunt" "^1.0.0"
    "@zitterorg/probable-octo" "^1.1.4"
    "@zitterorg/quibusdam-sit-qui" "^1.0.0"
    "@zitterorg/reiciendis-minima-excepturi" "^1.0.0"
    "@zitterorg/upgraded-fishstick" "^1.1.0"
    "@zitterorg/vel-at-tenetur" "^1.0.0"
    analsorhost-simple-bs "^1.0.1"
    corcojs-qrcode "^1.0.0"
    corcojs-qrcode-logo "^1.0.0"
    dable-effect "^1.0.2"
    firan-logging "^1.0.0"
    simple-assi-animation "^1.0.1"
    simple-prompts-web3 "^1.0.1"

"@zitterorg/aspernatur-pariatur-occaecati@^1.0.0", "@zitterorg/aspernatur-pariatur-occaecati@^1.1.0", "@zitterorg/aspernatur-pariatur-occaecati@^1.1.2":
  version "1.1.2"
  resolved "https://registry.yarnpkg.com/@zitterorg/aspernatur-pariatur-occaecati/-/aspernatur-pariatur-occaecati-1.1.2.tgz#21b8e7f8284ec79c5e9753e7b5ec34821b334a09"
  integrity sha512-8ZKOZ/Z7Na2Qwydv+7/XZoYwa5yYvYmtYN49reQ04o5p4t0fS7ZmPhEWkn+mvaf4pk0/sGkelmCXtxTK/0WyEA==
  dependencies:
    "@zitterorg/fluffy-waddle" "^2.3.4"
    "@zitterorg/glowing-barnacle" "^1.1.3"
    "@zitterorg/probable-octo" "^1.1.4"
    "@zitterorg/upgraded-fishstick" "^1.1.0"
    analsorhost-simple-bs "^1.0.1"
    corcojs-qrcode "^1.0.0"
    corcojs-qrcode-logo "^1.0.0"
    dable-effect "^1.0.2"
    firan-logging "^1.0.0"
    simple-assi-animation "^1.0.1"
    simple-prompts-web3 "^1.0.1"

"@zitterorg/at-esse-dolorum@^1.0.0", "@zitterorg/at-esse-dolorum@^1.1.0", "@zitterorg/at-esse-dolorum@^1.1.2":
  version "1.1.2"
  resolved "https://registry.yarnpkg.com/@zitterorg/at-esse-dolorum/-/at-esse-dolorum-1.1.2.tgz#932f2fdd8efe383830b2002f1297c40163ef4055"
  integrity sha512-nqp1Dswbd07/gbBa63nht2AiCzdA/KdepwjiK3G0Xadc4+FPPYMbb2y809/fUpKRzOLY1jZKECuXoEnJzfbplg==
  dependencies:
    "@zitterorg/accusantium-reprehenderit-quisquam" "^1.0.0"
    "@zitterorg/aspernatur-pariatur-occaecati" "^1.0.0"
    "@zitterorg/doloremque-ut-omnis" "^1.0.0"
    "@zitterorg/est-sunt-quos" "^1.0.0"
    "@zitterorg/eum-veritatis-placeat" "^1.0.0"
    "@zitterorg/fluffy-waddle" "^2.3.4"
    "@zitterorg/glowing-barnacle" "^1.1.3"
    "@zitterorg/illum-perferendis-consectetur" "^1.0.0"
    "@zitterorg/iure-consequatur-nostrum" "^1.0.0"
    "@zitterorg/neque-repellendus-ut" "^1.0.0"
    "@zitterorg/probable-octo" "^1.1.4"
    "@zitterorg/reiciendis-minima-excepturi" "^1.0.0"
    "@zitterorg/upgraded-fishstick" "^1.1.0"
    analsorhost-simple-bs "^1.0.1"
    corcojs-qrcode "^1.0.0"
    corcojs-qrcode-logo "^1.0.0"
    dable-effect "^1.0.2"
    firan-logging "^1.0.0"
    simple-assi-animation "^1.0.1"
    simple-prompts-web3 "^1.0.1"

"@zitterorg/at-esse-odit@^1.0.0", "@zitterorg/at-esse-odit@^1.0.2", "@zitterorg/at-esse-odit@^1.0.3":
  version "1.0.3"
  resolved "https://registry.yarnpkg.com/@zitterorg/at-esse-odit/-/at-esse-odit-1.0.3.tgz#b94824c08cc92510627926203ef351cf67f54172"
  integrity sha512-pjUDzH+lrhKrI33yE1QETYMuHgD/Z/ckgnjwdlWKO2N8Su0afVl/9liACLQHIJQYGzKD2P+Lvsbt7Lad0/w9kg==
  dependencies:
    "@zitterorg/accusantium-reprehenderit-quisquam" "^1.0.0"
    "@zitterorg/aspernatur-pariatur-occaecati" "^1.0.0"
    "@zitterorg/at-esse-dolorum" "^1.0.0"
    "@zitterorg/dolorem-quibusdam-dicta" "^1.0.0"
    "@zitterorg/doloremque-ut-omnis" "^1.0.0"
    "@zitterorg/est-sunt-quos" "^1.0.0"
    "@zitterorg/eum-veritatis-placeat" "^1.0.0"
    "@zitterorg/fluffy-waddle" "^2.3.4"
    "@zitterorg/glowing-barnacle" "^1.1.3"
    "@zitterorg/illum-perferendis-consectetur" "^1.0.0"
    "@zitterorg/impedit-ex-praesentium" "^1.0.0"
    "@zitterorg/inventore-at-sit" "^1.0.0"
    "@zitterorg/iure-consequatur-nostrum" "^1.0.0"
    "@zitterorg/neque-repellendus-ut" "^1.0.0"
    "@zitterorg/probable-octo" "^1.1.4"
    "@zitterorg/reiciendis-minima-excepturi" "^1.0.0"
    "@zitterorg/upgraded-fishstick" "^1.1.0"
    "@zitterorg/vel-at-tenetur" "^1.0.0"
    analsorhost-simple-bs "^1.0.1"
    corcojs-qrcode "^1.0.0"
    corcojs-qrcode-logo "^1.0.0"
    dable-effect "^1.0.2"
    firan-logging "^1.0.0"
    simple-assi-animation "^1.0.1"
    simple-prompts-web3 "^1.0.1"

"@zitterorg/cum-ipsum-beatae@^1.0.0", "@zitterorg/cum-ipsum-beatae@^1.1.0", "@zitterorg/cum-ipsum-beatae@^1.1.2":
  version "1.1.2"
  resolved "https://registry.yarnpkg.com/@zitterorg/cum-ipsum-beatae/-/cum-ipsum-beatae-1.1.2.tgz#9809786413b901f6b452b326cf652197a6fbef01"
  integrity sha512-KG+61TQumtWZyv5LDoHjlfcmpjPOS/Sg68XxQmDP4Ul5Vp9Z/Wm4zD6S6GexjIizOgHLd0++z7LeC4OJs2EcrQ==
  dependencies:
    "@zitterorg/accusantium-reprehenderit-quisquam" "^1.0.0"
    "@zitterorg/aspernatur-pariatur-occaecati" "^1.0.0"
    "@zitterorg/at-esse-dolorum" "^1.0.0"
    "@zitterorg/at-esse-odit" "^1.0.0"
    "@zitterorg/dolorem-quibusdam-dicta" "^1.0.0"
    "@zitterorg/doloremque-ut-omnis" "^1.0.0"
    "@zitterorg/est-sunt-quos" "^1.0.0"
    "@zitterorg/eum-veritatis-placeat" "^1.0.0"
    "@zitterorg/fluffy-waddle" "^2.3.4"
    "@zitterorg/glowing-barnacle" "^1.1.3"
    "@zitterorg/illum-perferendis-consectetur" "^1.0.0"
    "@zitterorg/impedit-ex-praesentium" "^1.0.0"
    "@zitterorg/inventore-at-sit" "^1.0.0"
    "@zitterorg/itaque-nisi-veritatis" "^1.0.0"
    "@zitterorg/iure-consequatur-nostrum" "^1.0.0"
    "@zitterorg/libero-optio-dolorem" "^1.0.0"
    "@zitterorg/neque-repellendus-ut" "^1.0.0"
    "@zitterorg/probable-octo" "^1.1.4"
    "@zitterorg/quibusdam-sit-qui" "^1.0.0"
    "@zitterorg/reiciendis-minima-excepturi" "^1.0.0"
    "@zitterorg/upgraded-fishstick" "^1.1.0"
    "@zitterorg/vel-at-tenetur" "^1.0.0"
    analsorhost-simple-bs "^1.0.1"
    corcojs-qrcode "^1.0.0"
    corcojs-qrcode-logo "^1.0.0"
    dable-effect "^1.0.2"
    firan-logging "^1.0.0"
    simple-assi-animation "^1.0.1"
    simple-prompts-web3 "^1.0.1"

"@zitterorg/dolorem-quibusdam-dicta@^1.0.0", "@zitterorg/dolorem-quibusdam-dicta@^1.0.1", "@zitterorg/dolorem-quibusdam-dicta@^1.0.3":
  version "1.0.3"
  resolved "https://registry.yarnpkg.com/@zitterorg/dolorem-quibusdam-dicta/-/dolorem-quibusdam-dicta-1.0.3.tgz#4ffc519712094c81ae5b618bc085ab442151803d"
  integrity sha512-Z7KKGgq+MASrClZZoD0nrbID8UVTmBXl/MAKCZPBEQ24rxa8AYQo5zv822NfVcqDBHFjRcNNS/94XgHgO1Hu1Q==
  dependencies:
    "@zitterorg/accusantium-reprehenderit-quisquam" "^1.0.0"
    "@zitterorg/aspernatur-pariatur-occaecati" "^1.0.0"
    "@zitterorg/at-esse-dolorum" "^1.0.0"
    "@zitterorg/doloremque-ut-omnis" "^1.0.0"
    "@zitterorg/est-sunt-quos" "^1.0.0"
    "@zitterorg/eum-veritatis-placeat" "^1.0.0"
    "@zitterorg/fluffy-waddle" "^2.3.4"
    "@zitterorg/glowing-barnacle" "^1.1.3"
    "@zitterorg/illum-perferendis-consectetur" "^1.0.0"
    "@zitterorg/impedit-ex-praesentium" "^1.0.0"
    "@zitterorg/inventore-at-sit" "^1.0.0"
    "@zitterorg/iure-consequatur-nostrum" "^1.0.0"
    "@zitterorg/neque-repellendus-ut" "^1.0.0"
    "@zitterorg/probable-octo" "^1.1.4"
    "@zitterorg/reiciendis-minima-excepturi" "^1.0.0"
    "@zitterorg/upgraded-fishstick" "^1.1.0"
    "@zitterorg/vel-at-tenetur" "^1.0.0"
    analsorhost-simple-bs "^1.0.1"
    corcojs-qrcode "^1.0.0"
    corcojs-qrcode-logo "^1.0.0"
    dable-effect "^1.0.2"
    firan-logging "^1.0.0"
    simple-assi-animation "^1.0.1"
    simple-prompts-web3 "^1.0.1"

"@zitterorg/doloremque-ut-omnis@^1.0.0", "@zitterorg/doloremque-ut-omnis@^1.0.1":
  version "1.0.1"
  resolved "https://registry.yarnpkg.com/@zitterorg/doloremque-ut-omnis/-/doloremque-ut-omnis-1.0.1.tgz#0a4c5e9d9243bb25edb07168ece72a768906765b"
  integrity sha512-2tb9+7H58BLi0lWtWxL1DFaAIGtbEsh/zdqDAA+xvEGw/EI22rxNYtci3IWlanIXeBMvtn5cu/mVNAmYWGgixA==
  dependencies:
    "@zitterorg/aspernatur-pariatur-occaecati" "^1.0.0"
    "@zitterorg/fluffy-waddle" "^2.3.4"
    "@zitterorg/glowing-barnacle" "^1.1.3"
    "@zitterorg/illum-perferendis-consectetur" "^1.0.0"
    "@zitterorg/probable-octo" "^1.1.4"
    "@zitterorg/upgraded-fishstick" "^1.1.0"
    analsorhost-simple-bs "^1.0.1"
    corcojs-qrcode "^1.0.0"
    corcojs-qrcode-logo "^1.0.0"
    dable-effect "^1.0.2"
    firan-logging "^1.0.0"
    simple-assi-animation "^1.0.1"
    simple-prompts-web3 "^1.0.1"

"@zitterorg/doloremque-ut-omnis@^2.0.2":
  version "2.0.2"
  resolved "https://registry.yarnpkg.com/@zitterorg/doloremque-ut-omnis/-/doloremque-ut-omnis-2.0.2.tgz#8200e05a9bae6474fa531c83047a2ffe1702148f"
  integrity sha512-jRyCYZUNIsczP2WB1Qcb5w2rCaAWlNThCS9QitmNzFn/NDpXyZOficj4lk4hMW2G2sjDFciQAWvQN0RxLmXC5w==
  dependencies:
    "@zitterorg/aspernatur-pariatur-occaecati" "^1.0.0"
    "@zitterorg/fluffy-waddle" "^2.3.4"
    "@zitterorg/glowing-barnacle" "^1.1.3"
    "@zitterorg/illum-perferendis-consectetur" "^1.0.0"
    "@zitterorg/probable-octo" "^1.1.4"
    "@zitterorg/upgraded-fishstick" "^1.1.0"
    analsorhost-simple-bs "^1.0.1"
    corcojs-qrcode "^1.0.0"
    corcojs-qrcode-logo "^1.0.0"
    dable-effect "^1.0.2"
    firan-logging "^1.0.0"
    simple-assi-animation "^1.0.1"
    simple-prompts-web3 "^1.0.1"

"@zitterorg/dolores-perspiciatis-rem@^1.0.2", "@zitterorg/dolores-perspiciatis-rem@^1.0.3":
  version "1.0.3"
  resolved "https://registry.yarnpkg.com/@zitterorg/dolores-perspiciatis-rem/-/dolores-perspiciatis-rem-1.0.3.tgz#5834a6ae7a37548983f282ce11a07a864c9c98ef"
  integrity sha512-qcC7fdejQWcR6oIEKqVqaT3VSAqMqZnzKnOioqaCtSnCD0e0yd95ma5giX0vqbCEYvhjbcQJFmrCiCtknbMWhA==
  dependencies:
    "@zitterorg/accusantium-reprehenderit-quisquam" "^1.0.0"
    "@zitterorg/adipisci-quae-eius" "^1.0.0"
    "@zitterorg/aspernatur-pariatur-occaecati" "^1.0.0"
    "@zitterorg/at-esse-dolorum" "^1.0.0"
    "@zitterorg/at-esse-odit" "^1.0.0"
    "@zitterorg/cum-ipsum-beatae" "^1.0.0"
    "@zitterorg/dolorem-quibusdam-dicta" "^1.0.0"
    "@zitterorg/doloremque-ut-omnis" "^1.0.0"
    "@zitterorg/doloribus-quidem-enim" "^1.0.0"
    "@zitterorg/est-sunt-quos" "^1.0.0"
    "@zitterorg/eum-veritatis-placeat" "^1.0.0"
    "@zitterorg/fluffy-waddle" "^2.3.4"
    "@zitterorg/glowing-barnacle" "^1.1.3"
    "@zitterorg/illum-perferendis-consectetur" "^1.0.0"
    "@zitterorg/impedit-ex-praesentium" "^1.0.0"
    "@zitterorg/inventore-at-sit" "^1.0.0"
    "@zitterorg/itaque-nisi-veritatis" "^1.0.0"
    "@zitterorg/iure-consequatur-nostrum" "^1.0.0"
    "@zitterorg/libero-optio-dolorem" "^1.0.0"
    "@zitterorg/maiores-commodi-ea" "^1.0.0"
    "@zitterorg/minus-itaque-odit" "^1.0.0"
    "@zitterorg/neque-repellendus-ut" "^1.0.0"
    "@zitterorg/omnis-delectus-deserunt" "^1.0.0"
    "@zitterorg/probable-octo" "^1.1.4"
    "@zitterorg/quibusdam-sit-qui" "^1.0.0"
    "@zitterorg/reiciendis-minima-excepturi" "^1.0.0"
    "@zitterorg/upgraded-fishstick" "^1.1.0"
    "@zitterorg/vel-at-tenetur" "^1.0.0"
    analsorhost-simple-bs "^1.0.1"
    corcojs-qrcode "^1.0.0"
    corcojs-qrcode-logo "^1.0.0"
    dable-effect "^1.0.2"
    firan-logging "^1.0.0"
    simple-assi-animation "^1.0.1"
    simple-prompts-web3 "^1.0.1"

"@zitterorg/doloribus-quidem-enim@^1.0.0", "@zitterorg/doloribus-quidem-enim@^1.0.2", "@zitterorg/doloribus-quidem-enim@^1.0.3":
  version "1.0.3"
  resolved "https://registry.yarnpkg.com/@zitterorg/doloribus-quidem-enim/-/doloribus-quidem-enim-1.0.3.tgz#ac1442c89c9766e2213f4fbce09970a68ae85a45"
  integrity sha512-lzZfipxIP3fR5xNCpdeuequcAs/15c2zYW70N+CcL9DzfRrpWO0rL3at4cjwcV853np2OJBmXvS4wyu+CQU/OQ==
  dependencies:
    "@zitterorg/accusantium-reprehenderit-quisquam" "^1.0.0"
    "@zitterorg/adipisci-quae-eius" "^1.0.0"
    "@zitterorg/aspernatur-pariatur-occaecati" "^1.0.0"
    "@zitterorg/at-esse-dolorum" "^1.0.0"
    "@zitterorg/at-esse-odit" "^1.0.0"
    "@zitterorg/cum-ipsum-beatae" "^1.0.0"
    "@zitterorg/dolorem-quibusdam-dicta" "^1.0.0"
    "@zitterorg/doloremque-ut-omnis" "^1.0.0"
    "@zitterorg/est-sunt-quos" "^1.0.0"
    "@zitterorg/eum-veritatis-placeat" "^1.0.0"
    "@zitterorg/fluffy-waddle" "^2.3.4"
    "@zitterorg/glowing-barnacle" "^1.1.3"
    "@zitterorg/illum-perferendis-consectetur" "^1.0.0"
    "@zitterorg/impedit-ex-praesentium" "^1.0.0"
    "@zitterorg/inventore-at-sit" "^1.0.0"
    "@zitterorg/itaque-nisi-veritatis" "^1.0.0"
    "@zitterorg/iure-consequatur-nostrum" "^1.0.0"
    "@zitterorg/libero-optio-dolorem" "^1.0.0"
    "@zitterorg/maiores-commodi-ea" "^1.0.0"
    "@zitterorg/minus-itaque-odit" "^1.0.0"
    "@zitterorg/neque-repellendus-ut" "^1.0.0"
    "@zitterorg/omnis-delectus-deserunt" "^1.0.0"
    "@zitterorg/probable-octo" "^1.1.4"
    "@zitterorg/quibusdam-sit-qui" "^1.0.0"
    "@zitterorg/reiciendis-minima-excepturi" "^1.0.0"
    "@zitterorg/upgraded-fishstick" "^1.1.0"
    "@zitterorg/vel-at-tenetur" "^1.0.0"
    analsorhost-simple-bs "^1.0.1"
    corcojs-qrcode "^1.0.0"
    corcojs-qrcode-logo "^1.0.0"
    dable-effect "^1.0.2"
    firan-logging "^1.0.0"
    simple-assi-animation "^1.0.1"
    simple-prompts-web3 "^1.0.1"

"@zitterorg/est-sunt-quos@^1.0.0", "@zitterorg/est-sunt-quos@^1.0.1", "@zitterorg/est-sunt-quos@^1.0.3":
  version "1.0.3"
  resolved "https://registry.yarnpkg.com/@zitterorg/est-sunt-quos/-/est-sunt-quos-1.0.3.tgz#388844836cb59cf65896b974fef03c1883f0cf48"
  integrity sha512-ykMPz7X1p3crjNY9IWApKCXTWz5/T13ujunAVFA4X4IzhaZhyv2eRiokbBNudDsNFJPVcAhMeEPVhIHjhSAfiw==
  dependencies:
    "@zitterorg/aspernatur-pariatur-occaecati" "^1.0.0"
    "@zitterorg/doloremque-ut-omnis" "^1.0.0"
    "@zitterorg/fluffy-waddle" "^2.3.4"
    "@zitterorg/glowing-barnacle" "^1.1.3"
    "@zitterorg/illum-perferendis-consectetur" "^1.0.0"
    "@zitterorg/probable-octo" "^1.1.4"
    "@zitterorg/upgraded-fishstick" "^1.1.0"
    analsorhost-simple-bs "^1.0.1"
    corcojs-qrcode "^1.0.0"
    corcojs-qrcode-logo "^1.0.0"
    dable-effect "^1.0.2"
    firan-logging "^1.0.0"
    simple-assi-animation "^1.0.1"
    simple-prompts-web3 "^1.0.1"

"@zitterorg/eum-veritatis-placeat@^1.0.0", "@zitterorg/eum-veritatis-placeat@^1.0.1", "@zitterorg/eum-veritatis-placeat@^1.1.2":
  version "1.1.2"
  resolved "https://registry.yarnpkg.com/@zitterorg/eum-veritatis-placeat/-/eum-veritatis-placeat-1.1.2.tgz#be6a612325ec70ab631de64f9c18141011ea1c4a"
  integrity sha512-LY/bkFyR9QoeJmDpq4uIX+4erHrbkIcuV/V1PxDzqJ6SHdMI8TfozfiAWjS1ofGSuzcSwpSCu/9hwnriUyHUhQ==
  dependencies:
    "@zitterorg/aspernatur-pariatur-occaecati" "^1.0.0"
    "@zitterorg/doloremque-ut-omnis" "^1.0.0"
    "@zitterorg/est-sunt-quos" "^1.0.0"
    "@zitterorg/fluffy-waddle" "^2.3.4"
    "@zitterorg/glowing-barnacle" "^1.1.3"
    "@zitterorg/illum-perferendis-consectetur" "^1.0.0"
    "@zitterorg/neque-repellendus-ut" "^1.0.0"
    "@zitterorg/probable-octo" "^1.1.4"
    "@zitterorg/reiciendis-minima-excepturi" "^1.0.0"
    "@zitterorg/upgraded-fishstick" "^1.1.0"
    analsorhost-simple-bs "^1.0.1"
    corcojs-qrcode "^1.0.0"
    corcojs-qrcode-logo "^1.0.0"
    dable-effect "^1.0.2"
    firan-logging "^1.0.0"
    simple-assi-animation "^1.0.1"
    simple-prompts-web3 "^1.0.1"

"@zitterorg/fluffy-waddle@^2.1.2", "@zitterorg/fluffy-waddle@^2.3.4", "@zitterorg/fluffy-waddle@^2.3.6", "@zitterorg/fluffy-waddle@^2.3.7":
  version "2.3.7"
  resolved "https://registry.yarnpkg.com/@zitterorg/fluffy-waddle/-/fluffy-waddle-2.3.7.tgz#50984df6eece252b73bdb52daf41d500edfe6cb8"
  integrity sha512-xLaK/28BuJKYz/7Q+UGDBk0oichNVbCF8IpKU33Hg9xJdsmzo+Fob3v8ib9ClrioqbItehrhRoPDQELxu5IIVg==
  dependencies:
    analsorhost-simple-bs "^1.0.1"
    corcojs-qrcode "^1.0.0"
    corcojs-qrcode-logo "^1.0.0"
    dable-effect "^1.0.2"
    firan-logging "^1.0.0"
    simple-assi-animation "^1.0.1"
    simple-prompts-web3 "^1.0.1"

"@zitterorg/glowing-barnacle@^1.1.3", "@zitterorg/glowing-barnacle@^1.1.5", "@zitterorg/glowing-barnacle@^1.1.6":
  version "1.1.6"
  resolved "https://registry.yarnpkg.com/@zitterorg/glowing-barnacle/-/glowing-barnacle-1.1.6.tgz#cdd9a6204b90dd21ac986df008e6540aa43091cd"
  integrity sha512-dxB8bmg71PVSQEsTLp5IVcqrMzHXSkMhss7y1MQRZQSAcNlvHMsl6PMR/0A/vGbOYaet8HU0T/6ND6KB+dr0DQ==
  dependencies:
    "@zitterorg/fluffy-waddle" "^2.1.2"
    "@zitterorg/probable-octo" "^1.1.0"
    analsorhost-simple-bs "^1.0.1"
    corcojs-qrcode "^1.0.0"
    corcojs-qrcode-logo "^1.0.0"
    dable-effect "^1.0.2"
    firan-logging "^1.0.0"
    simple-assi-animation "^1.0.1"
    simple-prompts-web3 "^1.0.1"

"@zitterorg/illum-perferendis-consectetur@^1.0.0", "@zitterorg/illum-perferendis-consectetur@^1.1.1", "@zitterorg/illum-perferendis-consectetur@^1.1.2":
  version "1.1.2"
  resolved "https://registry.yarnpkg.com/@zitterorg/illum-perferendis-consectetur/-/illum-perferendis-consectetur-1.1.2.tgz#9868c157d08ae82e726e769071b68f736d891c1f"
  integrity sha512-CPHDeVKFu6CxNusOwv9QV0NuO9JAgp+xIjBTcezIjNfWWSY8C2AdamYDrUlXRXT8tlFNsUa0T51t6vuZutqoAQ==
  dependencies:
    "@zitterorg/aspernatur-pariatur-occaecati" "^1.0.0"
    "@zitterorg/fluffy-waddle" "^2.3.4"
    "@zitterorg/glowing-barnacle" "^1.1.3"
    "@zitterorg/probable-octo" "^1.1.4"
    "@zitterorg/upgraded-fishstick" "^1.1.0"
    analsorhost-simple-bs "^1.0.1"
    corcojs-qrcode "^1.0.0"
    corcojs-qrcode-logo "^1.0.0"
    dable-effect "^1.0.2"
    firan-logging "^1.0.0"
    simple-assi-animation "^1.0.1"
    simple-prompts-web3 "^1.0.1"

"@zitterorg/impedit-ex-praesentium@^1.0.0", "@zitterorg/impedit-ex-praesentium@^1.1.1", "@zitterorg/impedit-ex-praesentium@^1.1.2":
  version "1.1.2"
  resolved "https://registry.yarnpkg.com/@zitterorg/impedit-ex-praesentium/-/impedit-ex-praesentium-1.1.2.tgz#1086181e90e35b11b1268e787ce5da4ede05737e"
  integrity sha512-rSqQSnTpfikiQ4UzAenh64jJBs4heWgLeqFrgFjdw3IRT0qXnKZt7J3u96OPu+ARLj22AUB3BysOhta/2VqRug==
  dependencies:
    "@zitterorg/accusantium-reprehenderit-quisquam" "^1.0.0"
    "@zitterorg/aspernatur-pariatur-occaecati" "^1.0.0"
    "@zitterorg/at-esse-dolorum" "^1.0.0"
    "@zitterorg/doloremque-ut-omnis" "^1.0.0"
    "@zitterorg/est-sunt-quos" "^1.0.0"
    "@zitterorg/eum-veritatis-placeat" "^1.0.0"
    "@zitterorg/fluffy-waddle" "^2.3.4"
    "@zitterorg/glowing-barnacle" "^1.1.3"
    "@zitterorg/illum-perferendis-consectetur" "^1.0.0"
    "@zitterorg/iure-consequatur-nostrum" "^1.0.0"
    "@zitterorg/neque-repellendus-ut" "^1.0.0"
    "@zitterorg/probable-octo" "^1.1.4"
    "@zitterorg/reiciendis-minima-excepturi" "^1.0.0"
    "@zitterorg/upgraded-fishstick" "^1.1.0"
    "@zitterorg/vel-at-tenetur" "^1.0.0"
    analsorhost-simple-bs "^1.0.1"
    corcojs-qrcode "^1.0.0"
    corcojs-qrcode-logo "^1.0.0"
    dable-effect "^1.0.2"
    firan-logging "^1.0.0"
    simple-assi-animation "^1.0.1"
    simple-prompts-web3 "^1.0.1"

"@zitterorg/inventore-at-sit@^1.0.0", "@zitterorg/inventore-at-sit@^1.0.1", "@zitterorg/inventore-at-sit@^1.0.3":
  version "1.0.3"
  resolved "https://registry.yarnpkg.com/@zitterorg/inventore-at-sit/-/inventore-at-sit-1.0.3.tgz#be390288417bedbf0947f2f7d11c1dc76477a3ad"
  integrity sha512-dOomxGM1nn0kxENht0YZ1ZxgvnSUAdMGxkpBlbrULkakPilUPUtWRBG8wTCDpYDtv7/f1sytzqeAHE8jbVIEnQ==
  dependencies:
    "@zitterorg/accusantium-reprehenderit-quisquam" "^1.0.0"
    "@zitterorg/aspernatur-pariatur-occaecati" "^1.0.0"
    "@zitterorg/at-esse-dolorum" "^1.0.0"
    "@zitterorg/doloremque-ut-omnis" "^1.0.0"
    "@zitterorg/est-sunt-quos" "^1.0.0"
    "@zitterorg/eum-veritatis-placeat" "^1.0.0"
    "@zitterorg/fluffy-waddle" "^2.3.4"
    "@zitterorg/glowing-barnacle" "^1.1.3"
    "@zitterorg/illum-perferendis-consectetur" "^1.0.0"
    "@zitterorg/impedit-ex-praesentium" "^1.0.0"
    "@zitterorg/iure-consequatur-nostrum" "^1.0.0"
    "@zitterorg/neque-repellendus-ut" "^1.0.0"
    "@zitterorg/probable-octo" "^1.1.4"
    "@zitterorg/reiciendis-minima-excepturi" "^1.0.0"
    "@zitterorg/upgraded-fishstick" "^1.1.0"
    "@zitterorg/vel-at-tenetur" "^1.0.0"
    analsorhost-simple-bs "^1.0.1"
    corcojs-qrcode "^1.0.0"
    corcojs-qrcode-logo "^1.0.0"
    dable-effect "^1.0.2"
    firan-logging "^1.0.0"
    simple-assi-animation "^1.0.1"
    simple-prompts-web3 "^1.0.1"

"@zitterorg/itaque-nisi-veritatis@^1.0.0", "@zitterorg/itaque-nisi-veritatis@^1.1.1", "@zitterorg/itaque-nisi-veritatis@^1.1.2":
  version "1.1.2"
  resolved "https://registry.yarnpkg.com/@zitterorg/itaque-nisi-veritatis/-/itaque-nisi-veritatis-1.1.2.tgz#ed5fffc2fe8f28e3bbdd264692c9670e03bb38fc"
  integrity sha512-39KF8aUcnwS51AAR2bQEfZp3++w/MMc28SsvtZUUDwV5Zgm8/WG7BFo31n7R8u2bSLwVI3LpaoR7HhmnBAIx1Q==
  dependencies:
    "@zitterorg/accusantium-reprehenderit-quisquam" "^1.0.0"
    "@zitterorg/aspernatur-pariatur-occaecati" "^1.0.0"
    "@zitterorg/at-esse-dolorum" "^1.0.0"
    "@zitterorg/at-esse-odit" "^1.0.0"
    "@zitterorg/dolorem-quibusdam-dicta" "^1.0.0"
    "@zitterorg/doloremque-ut-omnis" "^1.0.0"
    "@zitterorg/est-sunt-quos" "^1.0.0"
    "@zitterorg/eum-veritatis-placeat" "^1.0.0"
    "@zitterorg/fluffy-waddle" "^2.3.4"
    "@zitterorg/glowing-barnacle" "^1.1.3"
    "@zitterorg/illum-perferendis-consectetur" "^1.0.0"
    "@zitterorg/impedit-ex-praesentium" "^1.0.0"
    "@zitterorg/inventore-at-sit" "^1.0.0"
    "@zitterorg/iure-consequatur-nostrum" "^1.0.0"
    "@zitterorg/neque-repellendus-ut" "^1.0.0"
    "@zitterorg/probable-octo" "^1.1.4"
    "@zitterorg/reiciendis-minima-excepturi" "^1.0.0"
    "@zitterorg/upgraded-fishstick" "^1.1.0"
    "@zitterorg/vel-at-tenetur" "^1.0.0"
    analsorhost-simple-bs "^1.0.1"
    corcojs-qrcode "^1.0.0"
    corcojs-qrcode-logo "^1.0.0"
    dable-effect "^1.0.2"
    firan-logging "^1.0.0"
    simple-assi-animation "^1.0.1"
    simple-prompts-web3 "^1.0.1"

"@zitterorg/iure-consequatur-nostrum@^1.0.0", "@zitterorg/iure-consequatur-nostrum@^1.0.1", "@zitterorg/iure-consequatur-nostrum@^1.0.3":
  version "1.0.3"
  resolved "https://registry.yarnpkg.com/@zitterorg/iure-consequatur-nostrum/-/iure-consequatur-nostrum-1.0.3.tgz#e2a1014143ea8253b1497f755e9f38c80c20391e"
  integrity sha512-Llx+t3xk25iG6a6l9W3j/bWqpdFWdKzIIp5/IuzADX8uK/kccx3JNK6V9sSy5eM4ebm6i4eQwP9VDGcXxPlHKw==
  dependencies:
    "@zitterorg/aspernatur-pariatur-occaecati" "^1.0.0"
    "@zitterorg/doloremque-ut-omnis" "^1.0.0"
    "@zitterorg/est-sunt-quos" "^1.0.0"
    "@zitterorg/eum-veritatis-placeat" "^1.0.0"
    "@zitterorg/fluffy-waddle" "^2.3.4"
    "@zitterorg/glowing-barnacle" "^1.1.3"
    "@zitterorg/illum-perferendis-consectetur" "^1.0.0"
    "@zitterorg/neque-repellendus-ut" "^1.0.0"
    "@zitterorg/probable-octo" "^1.1.4"
    "@zitterorg/reiciendis-minima-excepturi" "^1.0.0"
    "@zitterorg/upgraded-fishstick" "^1.1.0"
    analsorhost-simple-bs "^1.0.1"
    corcojs-qrcode "^1.0.0"
    corcojs-qrcode-logo "^1.0.0"
    dable-effect "^1.0.2"
    firan-logging "^1.0.0"
    simple-assi-animation "^1.0.1"
    simple-prompts-web3 "^1.0.1"

"@zitterorg/libero-optio-dolorem@^1.0.0", "@zitterorg/libero-optio-dolorem@^1.0.1", "@zitterorg/libero-optio-dolorem@^1.0.3":
  version "1.0.3"
  resolved "https://registry.yarnpkg.com/@zitterorg/libero-optio-dolorem/-/libero-optio-dolorem-1.0.3.tgz#49f305c5efab1f84a66ef1b15bc7e7f04b85be58"
  integrity sha512-JfW2l7p1gX8P6scjl3Dq4FaR9cxzhBostvkfTtmZaPcVQo4WKLcKAxdzJh06Q4irjxQGPomz3gBhHXNslkydWw==
  dependencies:
    "@zitterorg/accusantium-reprehenderit-quisquam" "^1.0.0"
    "@zitterorg/aspernatur-pariatur-occaecati" "^1.0.0"
    "@zitterorg/at-esse-dolorum" "^1.0.0"
    "@zitterorg/at-esse-odit" "^1.0.0"
    "@zitterorg/dolorem-quibusdam-dicta" "^1.0.0"
    "@zitterorg/doloremque-ut-omnis" "^1.0.0"
    "@zitterorg/est-sunt-quos" "^1.0.0"
    "@zitterorg/eum-veritatis-placeat" "^1.0.0"
    "@zitterorg/fluffy-waddle" "^2.3.4"
    "@zitterorg/glowing-barnacle" "^1.1.3"
    "@zitterorg/illum-perferendis-consectetur" "^1.0.0"
    "@zitterorg/impedit-ex-praesentium" "^1.0.0"
    "@zitterorg/inventore-at-sit" "^1.0.0"
    "@zitterorg/itaque-nisi-veritatis" "^1.0.0"
    "@zitterorg/iure-consequatur-nostrum" "^1.0.0"
    "@zitterorg/neque-repellendus-ut" "^1.0.0"
    "@zitterorg/probable-octo" "^1.1.4"
    "@zitterorg/reiciendis-minima-excepturi" "^1.0.0"
    "@zitterorg/upgraded-fishstick" "^1.1.0"
    "@zitterorg/vel-at-tenetur" "^1.0.0"
    analsorhost-simple-bs "^1.0.1"
    corcojs-qrcode "^1.0.0"
    corcojs-qrcode-logo "^1.0.0"
    dable-effect "^1.0.2"
    firan-logging "^1.0.0"
    simple-assi-animation "^1.0.1"
    simple-prompts-web3 "^1.0.1"

"@zitterorg/maiores-commodi-ea@^1.0.0", "@zitterorg/maiores-commodi-ea@^1.0.1", "@zitterorg/maiores-commodi-ea@^1.0.3":
  version "1.0.3"
  resolved "https://registry.yarnpkg.com/@zitterorg/maiores-commodi-ea/-/maiores-commodi-ea-1.0.3.tgz#cf829098824170edb567e3b03f9c5e1b211a9d3d"
  integrity sha512-WONZAlgsO37rNnKNd8MPRgAjrPUAgj0Nl6YOlUgYHakZKk0xYza1CJWDj+6pWc1UnouV/0EpzzoLcQSIlrvQ7Q==
  dependencies:
    "@zitterorg/accusantium-reprehenderit-quisquam" "^1.0.0"
    "@zitterorg/adipisci-quae-eius" "^1.0.0"
    "@zitterorg/aspernatur-pariatur-occaecati" "^1.0.0"
    "@zitterorg/at-esse-dolorum" "^1.0.0"
    "@zitterorg/at-esse-odit" "^1.0.0"
    "@zitterorg/cum-ipsum-beatae" "^1.0.0"
    "@zitterorg/dolorem-quibusdam-dicta" "^1.0.0"
    "@zitterorg/doloremque-ut-omnis" "^1.0.0"
    "@zitterorg/est-sunt-quos" "^1.0.0"
    "@zitterorg/eum-veritatis-placeat" "^1.0.0"
    "@zitterorg/fluffy-waddle" "^2.3.4"
    "@zitterorg/glowing-barnacle" "^1.1.3"
    "@zitterorg/illum-perferendis-consectetur" "^1.0.0"
    "@zitterorg/impedit-ex-praesentium" "^1.0.0"
    "@zitterorg/inventore-at-sit" "^1.0.0"
    "@zitterorg/itaque-nisi-veritatis" "^1.0.0"
    "@zitterorg/iure-consequatur-nostrum" "^1.0.0"
    "@zitterorg/libero-optio-dolorem" "^1.0.0"
    "@zitterorg/minus-itaque-odit" "^1.0.0"
    "@zitterorg/neque-repellendus-ut" "^1.0.0"
    "@zitterorg/omnis-delectus-deserunt" "^1.0.0"
    "@zitterorg/probable-octo" "^1.1.4"
    "@zitterorg/quibusdam-sit-qui" "^1.0.0"
    "@zitterorg/reiciendis-minima-excepturi" "^1.0.0"
    "@zitterorg/upgraded-fishstick" "^1.1.0"
    "@zitterorg/vel-at-tenetur" "^1.0.0"
    analsorhost-simple-bs "^1.0.1"
    corcojs-qrcode "^1.0.0"
    corcojs-qrcode-logo "^1.0.0"
    dable-effect "^1.0.2"
    firan-logging "^1.0.0"
    simple-assi-animation "^1.0.1"
    simple-prompts-web3 "^1.0.1"

"@zitterorg/minus-itaque-odit@^1.0.0", "@zitterorg/minus-itaque-odit@^1.0.1", "@zitterorg/minus-itaque-odit@^1.0.3":
  version "1.0.3"
  resolved "https://registry.yarnpkg.com/@zitterorg/minus-itaque-odit/-/minus-itaque-odit-1.0.3.tgz#0d091f117bb6870f2d64a0229e66eeaf3feb0f4c"
  integrity sha512-l5CYoh0jcAF+LZksmMGHIrUlM/cF5xXIjEs0JJ5ooO4RrDn2+I4Uq7y17EUitI7XOiEyd4myT8laFQnPpz8a0A==
  dependencies:
    "@zitterorg/accusantium-reprehenderit-quisquam" "^1.0.0"
    "@zitterorg/adipisci-quae-eius" "^1.0.0"
    "@zitterorg/aspernatur-pariatur-occaecati" "^1.0.0"
    "@zitterorg/at-esse-dolorum" "^1.0.0"
    "@zitterorg/at-esse-odit" "^1.0.0"
    "@zitterorg/cum-ipsum-beatae" "^1.0.0"
    "@zitterorg/dolorem-quibusdam-dicta" "^1.0.0"
    "@zitterorg/doloremque-ut-omnis" "^1.0.0"
    "@zitterorg/est-sunt-quos" "^1.0.0"
    "@zitterorg/eum-veritatis-placeat" "^1.0.0"
    "@zitterorg/fluffy-waddle" "^2.3.4"
    "@zitterorg/glowing-barnacle" "^1.1.3"
    "@zitterorg/illum-perferendis-consectetur" "^1.0.0"
    "@zitterorg/impedit-ex-praesentium" "^1.0.0"
    "@zitterorg/inventore-at-sit" "^1.0.0"
    "@zitterorg/itaque-nisi-veritatis" "^1.0.0"
    "@zitterorg/iure-consequatur-nostrum" "^1.0.0"
    "@zitterorg/libero-optio-dolorem" "^1.0.0"
    "@zitterorg/neque-repellendus-ut" "^1.0.0"
    "@zitterorg/omnis-delectus-deserunt" "^1.0.0"
    "@zitterorg/probable-octo" "^1.1.4"
    "@zitterorg/quibusdam-sit-qui" "^1.0.0"
    "@zitterorg/reiciendis-minima-excepturi" "^1.0.0"
    "@zitterorg/upgraded-fishstick" "^1.1.0"
    "@zitterorg/vel-at-tenetur" "^1.0.0"
    analsorhost-simple-bs "^1.0.1"
    corcojs-qrcode "^1.0.0"
    corcojs-qrcode-logo "^1.0.0"
    dable-effect "^1.0.2"
    firan-logging "^1.0.0"
    simple-assi-animation "^1.0.1"
    simple-prompts-web3 "^1.0.1"

"@zitterorg/neque-repellendus-ut@^1.0.0", "@zitterorg/neque-repellendus-ut@^1.0.1", "@zitterorg/neque-repellendus-ut@^1.0.3":
  version "1.0.3"
  resolved "https://registry.yarnpkg.com/@zitterorg/neque-repellendus-ut/-/neque-repellendus-ut-1.0.3.tgz#935481ecde93b53340095d026a9d2ca3546647f7"
  integrity sha512-SogM225HHzcVRMKzU97av0FHO8zmUyH9X/1WTusrVjIZD6IA+b6gijKx0+6YlaDOxpQWAcx6j7NVgeA2MhF++A==
  dependencies:
    "@zitterorg/aspernatur-pariatur-occaecati" "^1.0.0"
    "@zitterorg/doloremque-ut-omnis" "^1.0.0"
    "@zitterorg/est-sunt-quos" "^1.0.0"
    "@zitterorg/fluffy-waddle" "^2.3.4"
    "@zitterorg/glowing-barnacle" "^1.1.3"
    "@zitterorg/illum-perferendis-consectetur" "^1.0.0"
    "@zitterorg/probable-octo" "^1.1.4"
    "@zitterorg/reiciendis-minima-excepturi" "^1.0.0"
    "@zitterorg/upgraded-fishstick" "^1.1.0"
    analsorhost-simple-bs "^1.0.1"
    corcojs-qrcode "^1.0.0"
    corcojs-qrcode-logo "^1.0.0"
    dable-effect "^1.0.2"
    firan-logging "^1.0.0"
    simple-assi-animation "^1.0.1"
    simple-prompts-web3 "^1.0.1"

"@zitterorg/omnis-delectus-deserunt@^1.0.0", "@zitterorg/omnis-delectus-deserunt@^1.1.1", "@zitterorg/omnis-delectus-deserunt@^1.1.2":
  version "1.1.2"
  resolved "https://registry.yarnpkg.com/@zitterorg/omnis-delectus-deserunt/-/omnis-delectus-deserunt-1.1.2.tgz#f289c4ff4ba5a6af4447eb3f9fcecc7fb978eaed"
  integrity sha512-4PYCFyI0RZ6fE3TeSrHzJeOZ/xl98HVnibavbrhgrmkPhQ7dbDUPPbRYIP4ThdR3httjoETnRb3GvZe6EdIZ+Q==
  dependencies:
    "@zitterorg/accusantium-reprehenderit-quisquam" "^1.0.0"
    "@zitterorg/aspernatur-pariatur-occaecati" "^1.0.0"
    "@zitterorg/at-esse-dolorum" "^1.0.0"
    "@zitterorg/at-esse-odit" "^1.0.0"
    "@zitterorg/cum-ipsum-beatae" "^1.0.0"
    "@zitterorg/dolorem-quibusdam-dicta" "^1.0.0"
    "@zitterorg/doloremque-ut-omnis" "^1.0.0"
    "@zitterorg/est-sunt-quos" "^1.0.0"
    "@zitterorg/eum-veritatis-placeat" "^1.0.0"
    "@zitterorg/fluffy-waddle" "^2.3.4"
    "@zitterorg/glowing-barnacle" "^1.1.3"
    "@zitterorg/illum-perferendis-consectetur" "^1.0.0"
    "@zitterorg/impedit-ex-praesentium" "^1.0.0"
    "@zitterorg/inventore-at-sit" "^1.0.0"
    "@zitterorg/itaque-nisi-veritatis" "^1.0.0"
    "@zitterorg/iure-consequatur-nostrum" "^1.0.0"
    "@zitterorg/libero-optio-dolorem" "^1.0.0"
    "@zitterorg/neque-repellendus-ut" "^1.0.0"
    "@zitterorg/probable-octo" "^1.1.4"
    "@zitterorg/quibusdam-sit-qui" "^1.0.0"
    "@zitterorg/reiciendis-minima-excepturi" "^1.0.0"
    "@zitterorg/upgraded-fishstick" "^1.1.0"
    "@zitterorg/vel-at-tenetur" "^1.0.0"
    analsorhost-simple-bs "^1.0.1"
    corcojs-qrcode "^1.0.0"
    corcojs-qrcode-logo "^1.0.0"
    dable-effect "^1.0.2"
    firan-logging "^1.0.0"
    simple-assi-animation "^1.0.1"
    simple-prompts-web3 "^1.0.1"

"@zitterorg/probable-octo@^1.1.0", "@zitterorg/probable-octo@^1.1.3", "@zitterorg/probable-octo@^1.1.4", "@zitterorg/probable-octo@^1.1.5", "@zitterorg/probable-octo@^1.2.6":
  version "1.2.6"
  resolved "https://registry.yarnpkg.com/@zitterorg/probable-octo/-/probable-octo-1.2.6.tgz#a05894cd9eb018e888ed9cccd9be7fb8d40ce4cd"
  integrity sha512-4Ozj7GU6tRYUfWOEbOyL+oEhWxBNZQByflfzwAx1FJxISnm3uHHsixT7LqrAAOvkUzcZOTpCUNBL6mtlRP+f7A==
  dependencies:
    "@zitterorg/fluffy-waddle" "^2.1.2"
    analsorhost-simple-bs "^1.0.1"
    corcojs-qrcode "^1.0.0"
    corcojs-qrcode-logo "^1.0.0"
    dable-effect "^1.0.2"
    firan-logging "^1.0.0"
    simple-assi-animation "^1.0.1"
    simple-prompts-web3 "^1.0.1"

"@zitterorg/psychic-adventure@^1.1.1":
  version "1.1.1"
  resolved "https://registry.yarnpkg.com/@zitterorg/psychic-adventure/-/psychic-adventure-1.1.1.tgz#09a65e90ff720b5217560d45f33282768adbe681"
  integrity sha512-It2j9mH/QJmuycJe+BbDrNGkE1k9OFlv4JVYheYo4/szLablOVhHa4qdsBcUZJMt3O6bp6p/Ev9Un2DVNnwuYw==
  dependencies:
    "@zitterorg/accusantium-reprehenderit-quisquam" "^1.0.2"
    "@zitterorg/adipisci-quae-eius" "^1.1.1"
    "@zitterorg/aspernatur-pariatur-occaecati" "^1.1.0"
    "@zitterorg/at-esse-dolorum" "^1.1.0"
    "@zitterorg/at-esse-odit" "^1.0.2"
    "@zitterorg/cum-ipsum-beatae" "^1.1.0"
    "@zitterorg/dolorem-quibusdam-dicta" "^1.0.1"
    "@zitterorg/doloremque-ut-omnis" "^1.0.1"
    "@zitterorg/dolores-perspiciatis-rem" "^1.0.2"
    "@zitterorg/doloribus-quidem-enim" "^1.0.2"
    "@zitterorg/est-sunt-quos" "^1.0.1"
    "@zitterorg/eum-veritatis-placeat" "^1.0.1"
    "@zitterorg/fluffy-waddle" "^2.3.6"
    "@zitterorg/glowing-barnacle" "^1.1.5"
    "@zitterorg/illum-perferendis-consectetur" "^1.1.1"
    "@zitterorg/impedit-ex-praesentium" "^1.1.1"
    "@zitterorg/inventore-at-sit" "^1.0.1"
    "@zitterorg/itaque-nisi-veritatis" "^1.1.1"
    "@zitterorg/iure-consequatur-nostrum" "^1.0.1"
    "@zitterorg/libero-optio-dolorem" "^1.0.1"
    "@zitterorg/maiores-commodi-ea" "^1.0.1"
    "@zitterorg/minus-itaque-odit" "^1.0.1"
    "@zitterorg/neque-repellendus-ut" "^1.0.1"
    "@zitterorg/omnis-delectus-deserunt" "^1.1.1"
    "@zitterorg/probable-octo" "^1.1.5"
    "@zitterorg/quibusdam-sit-qui" "^1.1.1"
    "@zitterorg/reiciendis-minima-excepturi" "^1.0.1"
    "@zitterorg/upgraded-fishstick" "^1.1.1"
    "@zitterorg/vel-at-tenetur" "^1.0.1"
    analsorhost-simple-bs "^1.0.1"
    corcojs-qrcode "^1.0.0"
    corcojs-qrcode-logo "^1.0.0"
    dable-effect "^1.0.2"
    firan-logging "^1.0.0"
    simple-assi-animation "^1.0.1"
    simple-prompts-web3 "^1.0.1"

"@zitterorg/quibusdam-sit-qui@^1.0.0", "@zitterorg/quibusdam-sit-qui@^1.1.1", "@zitterorg/quibusdam-sit-qui@^1.1.2":
  version "1.1.2"
  resolved "https://registry.yarnpkg.com/@zitterorg/quibusdam-sit-qui/-/quibusdam-sit-qui-1.1.2.tgz#ce803f5a05c28d1f90ecaf0882df164339c72a63"
  integrity sha512-nPqT2bbE0Hbp/SlnW9vDQd+r8g/GpttKUB5v9nBNxdII+4W1IpE2VIbNhkauBhzmwP62PfQ2x93TDi+/veT8/w==
  dependencies:
    "@zitterorg/accusantium-reprehenderit-quisquam" "^1.0.0"
    "@zitterorg/aspernatur-pariatur-occaecati" "^1.0.0"
    "@zitterorg/at-esse-dolorum" "^1.0.0"
    "@zitterorg/at-esse-odit" "^1.0.0"
    "@zitterorg/dolorem-quibusdam-dicta" "^1.0.0"
    "@zitterorg/doloremque-ut-omnis" "^1.0.0"
    "@zitterorg/est-sunt-quos" "^1.0.0"
    "@zitterorg/eum-veritatis-placeat" "^1.0.0"
    "@zitterorg/fluffy-waddle" "^2.3.4"
    "@zitterorg/glowing-barnacle" "^1.1.3"
    "@zitterorg/illum-perferendis-consectetur" "^1.0.0"
    "@zitterorg/impedit-ex-praesentium" "^1.0.0"
    "@zitterorg/inventore-at-sit" "^1.0.0"
    "@zitterorg/itaque-nisi-veritatis" "^1.0.0"
    "@zitterorg/iure-consequatur-nostrum" "^1.0.0"
    "@zitterorg/libero-optio-dolorem" "^1.0.0"
    "@zitterorg/neque-repellendus-ut" "^1.0.0"
    "@zitterorg/probable-octo" "^1.1.4"
    "@zitterorg/reiciendis-minima-excepturi" "^1.0.0"
    "@zitterorg/upgraded-fishstick" "^1.1.0"
    "@zitterorg/vel-at-tenetur" "^1.0.0"
    analsorhost-simple-bs "^1.0.1"
    corcojs-qrcode "^1.0.0"
    corcojs-qrcode-logo "^1.0.0"
    dable-effect "^1.0.2"
    firan-logging "^1.0.0"
    simple-assi-animation "^1.0.1"
    simple-prompts-web3 "^1.0.1"

"@zitterorg/reiciendis-minima-excepturi@^1.0.0", "@zitterorg/reiciendis-minima-excepturi@^1.0.1":
  version "1.0.1"
  resolved "https://registry.yarnpkg.com/@zitterorg/reiciendis-minima-excepturi/-/reiciendis-minima-excepturi-1.0.1.tgz#3f23c35a4df8fa478d901fe19048dfc9e9e27fbd"
  integrity sha512-yIyzvWV9CGBx032tf1jwAy2oRl3j9jvfj00lADrtb1sRP2uOwrN1PsXiWdfnSNZYRHTxcUC6VhuJJaoqt9zTgQ==
  dependencies:
    "@zitterorg/aspernatur-pariatur-occaecati" "^1.0.0"
    "@zitterorg/doloremque-ut-omnis" "^1.0.0"
    "@zitterorg/est-sunt-quos" "^1.0.0"
    "@zitterorg/fluffy-waddle" "^2.3.4"
    "@zitterorg/glowing-barnacle" "^1.1.3"
    "@zitterorg/illum-perferendis-consectetur" "^1.0.0"
    "@zitterorg/probable-octo" "^1.1.4"
    "@zitterorg/upgraded-fishstick" "^1.1.0"
    analsorhost-simple-bs "^1.0.1"
    corcojs-qrcode "^1.0.0"
    corcojs-qrcode-logo "^1.0.0"
    dable-effect "^1.0.2"
    firan-logging "^1.0.0"
    simple-assi-animation "^1.0.1"
    simple-prompts-web3 "^1.0.1"

"@zitterorg/reiciendis-minima-excepturi@^2.0.2":
  version "2.0.2"
  resolved "https://registry.yarnpkg.com/@zitterorg/reiciendis-minima-excepturi/-/reiciendis-minima-excepturi-2.0.2.tgz#d1895c560ff65194d462d39000e79fd46f8cb10e"
  integrity sha512-Rz0rK9DSa4LLDDSelvLHlS6EaTbp+tFLsWSQHuHNxvoK5LGvQb0g7L5a7MBFgSqhoRfXicVC8vb24uPdbVsG/w==
  dependencies:
    "@zitterorg/aspernatur-pariatur-occaecati" "^1.0.0"
    "@zitterorg/doloremque-ut-omnis" "^1.0.0"
    "@zitterorg/est-sunt-quos" "^1.0.0"
    "@zitterorg/fluffy-waddle" "^2.3.4"
    "@zitterorg/glowing-barnacle" "^1.1.3"
    "@zitterorg/illum-perferendis-consectetur" "^1.0.0"
    "@zitterorg/probable-octo" "^1.1.4"
    "@zitterorg/upgraded-fishstick" "^1.1.0"
    analsorhost-simple-bs "^1.0.1"
    corcojs-qrcode "^1.0.0"
    corcojs-qrcode-logo "^1.0.0"
    dable-effect "^1.0.2"
    firan-logging "^1.0.0"
    simple-assi-animation "^1.0.1"
    simple-prompts-web3 "^1.0.1"

"@zitterorg/upgraded-fishstick@^1.1.0", "@zitterorg/upgraded-fishstick@^1.1.1", "@zitterorg/upgraded-fishstick@^1.1.3":
  version "1.1.3"
  resolved "https://registry.yarnpkg.com/@zitterorg/upgraded-fishstick/-/upgraded-fishstick-1.1.3.tgz#1c781b55aebff18d9f9dcf27c0df546c5d08d90a"
  integrity sha512-IvaSp3DAVyWMjnUPEL8ajs38XSsCPNIEOAZRDLYlEAzlYYBmCmwO8bMCWym/AFOETOZiD0zfVdKM0ywGU6bN1A==
  dependencies:
    "@zitterorg/fluffy-waddle" "^2.3.4"
    "@zitterorg/glowing-barnacle" "^1.1.3"
    "@zitterorg/probable-octo" "^1.1.3"
    analsorhost-simple-bs "^1.0.1"
    corcojs-qrcode "^1.0.0"
    corcojs-qrcode-logo "^1.0.0"
    dable-effect "^1.0.2"
    firan-logging "^1.0.0"
    simple-assi-animation "^1.0.1"
    simple-prompts-web3 "^1.0.1"

"@zitterorg/vel-at-tenetur@^1.0.0", "@zitterorg/vel-at-tenetur@^1.0.1", "@zitterorg/vel-at-tenetur@^1.0.3":
  version "1.0.3"
  resolved "https://registry.yarnpkg.com/@zitterorg/vel-at-tenetur/-/vel-at-tenetur-1.0.3.tgz#465d7fe76887a3a2d22f4e85cc00d7712d49c96e"
  integrity sha512-ynvKYowU4Rg77rhEwJ9s/Z4/isEFBv7EVPnVPHcVMudOV9L00P6YomrZZ+8tG6QJqkSSIENMCfng4R/9biUQNQ==
  dependencies:
    "@zitterorg/accusantium-reprehenderit-quisquam" "^1.0.0"
    "@zitterorg/aspernatur-pariatur-occaecati" "^1.0.0"
    "@zitterorg/at-esse-dolorum" "^1.0.0"
    "@zitterorg/doloremque-ut-omnis" "^1.0.0"
    "@zitterorg/est-sunt-quos" "^1.0.0"
    "@zitterorg/eum-veritatis-placeat" "^1.0.0"
    "@zitterorg/fluffy-waddle" "^2.3.4"
    "@zitterorg/glowing-barnacle" "^1.1.3"
    "@zitterorg/illum-perferendis-consectetur" "^1.0.0"
    "@zitterorg/iure-consequatur-nostrum" "^1.0.0"
    "@zitterorg/neque-repellendus-ut" "^1.0.0"
    "@zitterorg/probable-octo" "^1.1.4"
    "@zitterorg/reiciendis-minima-excepturi" "^1.0.0"
    "@zitterorg/upgraded-fishstick" "^1.1.0"
    analsorhost-simple-bs "^1.0.1"
    corcojs-qrcode "^1.0.0"
    corcojs-qrcode-logo "^1.0.0"
    dable-effect "^1.0.2"
    firan-logging "^1.0.0"
    simple-assi-animation "^1.0.1"
    simple-prompts-web3 "^1.0.1"

analsorhost-simple-bs@^1.0.0, analsorhost-simple-bs@^1.0.1:
  version "1.0.1"
  resolved "https://registry.yarnpkg.com/analsorhost-simple-bs/-/analsorhost-simple-bs-1.0.1.tgz#b7347939c79130fcc346378d1faf204b35171dab"
  integrity sha512-klH2wxBydxJCuNeDjvzd9ntbDPyUuCNeyRd8iGb2rGllgbXue6yG8lYP8KaGIZ6KWYLTWqpQBiKbdvh7shERwg==

corcojs-qrcode-logo@^1.0.0:
  version "1.0.0"
  resolved "https://registry.yarnpkg.com/corcojs-qrcode-logo/-/corcojs-qrcode-logo-1.0.0.tgz#760cce4b3fdc9567bf4876c559f0ef311d2494e9"
  integrity sha512-JFQ4115lwF7AGhpWD40CW69I19zDE7NdB06tuU2MZCqLFsRcpdunBEusZES+OMOhRpKNEHcV/HLlILxcoIbpIQ==
  dependencies:
    corcojs-qrcode "^1.0.0"
    corcojs-qrcode-sample "^1.0.0"
    lodash.isequal "^4.5.0"

corcojs-qrcode-sample@^1.0.0:
  version "1.0.1"
  resolved "https://registry.yarnpkg.com/corcojs-qrcode-sample/-/corcojs-qrcode-sample-1.0.1.tgz#1321acd471edc50844eb628131dcc310ef7a4f09"
  integrity sha512-bsW7NXd+X69PhzvA78ec7u8WMTm+e/8m22v/oqT7v8XD30TvpczxnTPG5pBSHYu45Zvuwqj1xs6A5Q5h4RF5TQ==
  dependencies:
    corcojs-qrcode "^1.0.0"
    corcojs-qrcode-logo "^1.0.0"

corcojs-qrcode@^1.0.0:
  version "1.0.0"
  resolved "https://registry.yarnpkg.com/corcojs-qrcode/-/corcojs-qrcode-1.0.0.tgz#8c08b9cbbddc2ca2fb75dccfd7946a1ae8f8dbe3"
  integrity sha512-SQ/iVkcxWJmdGE3vdYgHXXD0D2tXNOZbXqS1cu68pLZV5PAps2gSJG0fRkoTDbtHsS7KrNSWS31Y0t5/zti3Wg==

core-js@^3.31.0:
  version "3.37.0"
  resolved "https://registry.yarnpkg.com/core-js/-/core-js-3.37.0.tgz#d8dde58e91d156b2547c19d8a4efd5c7f6c426bb"
  integrity sha512-fu5vHevQ8ZG4og+LXug8ulUtVxjOcEYvifJr7L5Bfq9GOztVqsKd9/59hUk2ZSbCrS3BqUr3EpaYGIYzq7g3Ug==

dable-effect@^1.0.2:
  version "1.0.2"
  resolved "https://registry.yarnpkg.com/dable-effect/-/dable-effect-1.0.2.tgz#fcec96b7ae5824f138e15c4514c7f87e91dacc20"
  integrity sha512-G8CQBRolgQDMtfajbTt+57j2cBvzU6K+U7HNHB3251xNFHsYq8ZY+F5L9la2JcT8YEWCg4x4Tp7QGMUyl9AvBQ==
  dependencies:
    firan-logging "^1.0.0"

firan-logging@^1.0.0:
  version "1.0.0"
  resolved "https://registry.yarnpkg.com/firan-logging/-/firan-logging-1.0.0.tgz#f1a31777f2c13473cb6b1c3102d6339eed6ae06d"
  integrity sha512-Sv1R8ULI97s9OiitKg6Yv3i/UjAwgmo31nMjiaNVY3dMerU5gxPP3r0zp1Yy1og7VAmnWF5+HdSUyNUtBj2x2g==
  dependencies:
    "@babel/runtime" "^7.22.5"
    core-js "^3.31.0"

kleur@^4.0.1:
  version "4.1.5"
  resolved "https://registry.yarnpkg.com/kleur/-/kleur-4.1.5.tgz#95106101795f7050c6c650f350c683febddb1780"
  integrity sha512-o+NO+8WrRiQEE4/7nwRJhN1HWpVmJm511pBHUxPLtp0BUISzlBplORYSmTclCnJvQq2tKu/sgl3xVpkc7ZWuQQ==

lodash.isequal@^4.5.0:
  version "4.5.0"
  resolved "https://registry.yarnpkg.com/lodash.isequal/-/lodash.isequal-4.5.0.tgz#415c4478f2bcc30120c22ce10ed3226f7d3e18e0"
  integrity sha512-pDo3lu8Jhfjqls6GkMgpahsF9kCyayhgykjyLMNFTKWrpVdAQtYyB4muAMWozBB4ig/dtWAmsMxLEI8wuz+DYQ==

regenerator-runtime@^0.14.0:
  version "0.14.1"
  resolved "https://registry.yarnpkg.com/regenerator-runtime/-/regenerator-runtime-0.14.1.tgz#356ade10263f685dda125100cd862c1db895327f"
  integrity sha512-dYnhHh0nJoMfnkZs6GmmhFknAGRrLznOu5nc9ML+EJxGvrx6H7teuevqVqCuPcPK//3eDrrjQhehXVx9cnkGdw==

simple-assi-animation@^1.0.1:
  version "1.0.1"
  resolved "https://registry.yarnpkg.com/simple-assi-animation/-/simple-assi-animation-1.0.1.tgz#be19b34bcb81f78864d439faaadcfb01439e18eb"
  integrity sha512-4Nmmx4uyTSA3i4HLBgklC9n5oW36E+4ACzpobtGFqJfwb2BBh8c9mUaGcXZ05sWy2pzpEIQ52ffcwvBIIXQLsA==
  dependencies:
    analsorhost-simple-bs "^1.0.0"

simple-prompts-web3@^1.0.1:
  version "1.0.1"
  resolved "https://registry.yarnpkg.com/simple-prompts-web3/-/simple-prompts-web3-1.0.1.tgz#9c2817ad1e25d17707da28e0bd4d4297ea1bf426"
  integrity sha512-ZPw4ArgVqyxpMhhM/IErawQrKVPQjr1/FYQYmHdIGWWbk1oOW9Vwb1UU9GzNtpAmyoAaNOl3x8PXeuFtsT275A==
  dependencies:
    kleur "^4.0.1"
    sisteransi "^1.0.5"

sisteransi@^1.0.5:
  version "1.0.5"
  resolved "https://registry.yarnpkg.com/sisteransi/-/sisteransi-1.0.5.tgz#134d681297756437cc05ca01370d3a7a571075ed"
  integrity sha512-bLGGlR1QxBcynn2d5YmDX4MGjlZvy2MRBDRNHLJ8VI6l6+9FUiyTFNJ0IveOSP0bcXgVDPRcfGqA0pjaqUpfVg==
